
Microsoft Visual Studio Solution File, Format Version 12.00
# Visual Studio 15
VisualStudioVersion = 15.0.27703.2035
MinimumVisualStudioVersion = 10.0.40219.1
Project("{FAE04EC0-301F-11D3-BF4B-00C04F79EFBC}") = "Sales.Android", "Sales\Sales.Android\Sales.Android.csproj", "{4F0B8CEE-311A-47A3-88C8-9A8BC7ADC7A2}"
EndProject
Project("{FAE04EC0-301F-11D3-BF4B-00C04F79EFBC}") = "Sales.iOS", "Sales\Sales.iOS\Sales.iOS.csproj", "{584DC1C6-EF39-4380-AD5A-92AABCF83C91}"
EndProject
Project("{FAE04EC0-301F-11D3-BF4B-00C04F79EFBC}") = "Sales.UWP", "Sales\Sales.UWP\Sales.UWP.csproj", "{3AD92754-D43F-442E-B24B-6C6F4FEFB597}"
EndProject
Project("{D954291E-2A0B-460D-934E-DC6B0785DB48}") = "Sales", "Sales\Sales\Sales.shproj", "{F65BBCB4-815F-4427-9957-35D82F85F8A3}"
EndProject
Project("{FAE04EC0-301F-11D3-BF4B-00C04F79EFBC}") = "Sales.Backend", "Sales.Backend\Sales.Backend.csproj", "{29292392-C3EA-4DFF-96DF-0BCEF30100C9}"
EndProject
Project("{FAE04EC0-301F-11D3-BF4B-00C04F79EFBC}") = "Sales.API", "Sales.API\Sales.API.csproj", "{0E745D96-6E3B-4121-87BC-873E1620DA6E}"
EndProject
Project("{FAE04EC0-301F-11D3-BF4B-00C04F79EFBC}") = "Sales.Domain", "Sales.Domain\Sales.Domain.csproj", "{F0173626-BC32-43D9-8D28-56D0E9C83DA4}"
EndProject
Project("{FAE04EC0-301F-11D3-BF4B-00C04F79EFBC}") = "Sales.Common", "Sales.Common\Sales.Common.csproj", "{B9234513-D9BC-403F-A3E3-1A3240CEF749}"
EndProject
Global
	GlobalSection(SharedMSBuildProjectFiles) = preSolution
		Sales\Sales\Sales.projitems*{3ad92754-d43f-442e-b24b-6c6f4fefb597}*SharedItemsImports = 4
		Sales\Sales\Sales.projitems*{4f0b8cee-311a-47a3-88c8-9a8bc7adc7a2}*SharedItemsImports = 4
		Sales\Sales\Sales.projitems*{584dc1c6-ef39-4380-ad5a-92aabcf83c91}*SharedItemsImports = 4
		Sales\Sales\Sales.projitems*{f65bbcb4-815f-4427-9957-35d82f85f8a3}*SharedItemsImports = 13
	EndGlobalSection
	GlobalSection(SolutionConfigurationPlatforms) = preSolution
		Ad-Hoc|Any CPU = Ad-Hoc|Any CPU
		Ad-Hoc|ARM = Ad-Hoc|ARM
		Ad-Hoc|iPhone = Ad-Hoc|iPhone
		Ad-Hoc|iPhoneSimulator = Ad-Hoc|iPhoneSimulator
		Ad-Hoc|x64 = Ad-Hoc|x64
		Ad-Hoc|x86 = Ad-Hoc|x86
		AppStore|Any CPU = AppStore|Any CPU
		AppStore|ARM = AppStore|ARM
		AppStore|iPhone = AppStore|iPhone
		AppStore|iPhoneSimulator = AppStore|iPhoneSimulator
		AppStore|x64 = AppStore|x64
		AppStore|x86 = AppStore|x86
		Debug|Any CPU = Debug|Any CPU
		Debug|ARM = Debug|ARM
		Debug|iPhone = Debug|iPhone
		Debug|iPhoneSimulator = Debug|iPhoneSimulator
		Debug|x64 = Debug|x64
		Debug|x86 = Debug|x86
		Release|Any CPU = Release|Any CPU
		Release|ARM = Release|ARM
		Release|iPhone = Release|iPhone
		Release|iPhoneSimulator = Release|iPhoneSimulator
		Release|x64 = Release|x64
		Release|x86 = Release|x86
	EndGlobalSection
	GlobalSection(ProjectConfigurationPlatforms) = postSolution
		{4F0B8CEE-311A-47A3-88C8-9A8BC7ADC7A2}.Ad-Hoc|Any CPU.ActiveCfg = Release|Any CPU
		{4F0B8CEE-311A-47A3-88C8-9A8BC7ADC7A2}.Ad-Hoc|Any CPU.Build.0 = Release|Any CPU
		{4F0B8CEE-311A-47A3-88C8-9A8BC7ADC7A2}.Ad-Hoc|Any CPU.Deploy.0 = Release|Any CPU
		{4F0B8CEE-311A-47A3-88C8-9A8BC7ADC7A2}.Ad-Hoc|ARM.ActiveCfg = Release|Any CPU
		{4F0B8CEE-311A-47A3-88C8-9A8BC7ADC7A2}.Ad-Hoc|ARM.Build.0 = Release|Any CPU
		{4F0B8CEE-311A-47A3-88C8-9A8BC7ADC7A2}.Ad-Hoc|ARM.Deploy.0 = Release|Any CPU
		{4F0B8CEE-311A-47A3-88C8-9A8BC7ADC7A2}.Ad-Hoc|iPhone.ActiveCfg = Release|Any CPU
		{4F0B8CEE-311A-47A3-88C8-9A8BC7ADC7A2}.Ad-Hoc|iPhone.Build.0 = Release|Any CPU
		{4F0B8CEE-311A-47A3-88C8-9A8BC7ADC7A2}.Ad-Hoc|iPhone.Deploy.0 = Release|Any CPU
		{4F0B8CEE-311A-47A3-88C8-9A8BC7ADC7A2}.Ad-Hoc|iPhoneSimulator.ActiveCfg = Release|Any CPU
		{4F0B8CEE-311A-47A3-88C8-9A8BC7ADC7A2}.Ad-Hoc|iPhoneSimulator.Build.0 = Release|Any CPU
		{4F0B8CEE-311A-47A3-88C8-9A8BC7ADC7A2}.Ad-Hoc|iPhoneSimulator.Deploy.0 = Release|Any CPU
		{4F0B8CEE-311A-47A3-88C8-9A8BC7ADC7A2}.Ad-Hoc|x64.ActiveCfg = Release|Any CPU
		{4F0B8CEE-311A-47A3-88C8-9A8BC7ADC7A2}.Ad-Hoc|x64.Build.0 = Release|Any CPU
		{4F0B8CEE-311A-47A3-88C8-9A8BC7ADC7A2}.Ad-Hoc|x64.Deploy.0 = Release|Any CPU
		{4F0B8CEE-311A-47A3-88C8-9A8BC7ADC7A2}.Ad-Hoc|x86.ActiveCfg = Release|Any CPU
		{4F0B8CEE-311A-47A3-88C8-9A8BC7ADC7A2}.Ad-Hoc|x86.Build.0 = Release|Any CPU
		{4F0B8CEE-311A-47A3-88C8-9A8BC7ADC7A2}.Ad-Hoc|x86.Deploy.0 = Release|Any CPU
		{4F0B8CEE-311A-47A3-88C8-9A8BC7ADC7A2}.AppStore|Any CPU.ActiveCfg = Release|Any CPU
		{4F0B8CEE-311A-47A3-88C8-9A8BC7ADC7A2}.AppStore|Any CPU.Build.0 = Release|Any CPU
		{4F0B8CEE-311A-47A3-88C8-9A8BC7ADC7A2}.AppStore|Any CPU.Deploy.0 = Release|Any CPU
		{4F0B8CEE-311A-47A3-88C8-9A8BC7ADC7A2}.AppStore|ARM.ActiveCfg = Release|Any CPU
		{4F0B8CEE-311A-47A3-88C8-9A8BC7ADC7A2}.AppStore|ARM.Build.0 = Release|Any CPU
		{4F0B8CEE-311A-47A3-88C8-9A8BC7ADC7A2}.AppStore|ARM.Deploy.0 = Release|Any CPU
		{4F0B8CEE-311A-47A3-88C8-9A8BC7ADC7A2}.AppStore|iPhone.ActiveCfg = Release|Any CPU
		{4F0B8CEE-311A-47A3-88C8-9A8BC7ADC7A2}.AppStore|iPhone.Build.0 = Release|Any CPU
		{4F0B8CEE-311A-47A3-88C8-9A8BC7ADC7A2}.AppStore|iPhone.Deploy.0 = Release|Any CPU
		{4F0B8CEE-311A-47A3-88C8-9A8BC7ADC7A2}.AppStore|iPhoneSimulator.ActiveCfg = Release|Any CPU
		{4F0B8CEE-311A-47A3-88C8-9A8BC7ADC7A2}.AppStore|iPhoneSimulator.Build.0 = Release|Any CPU
		{4F0B8CEE-311A-47A3-88C8-9A8BC7ADC7A2}.AppStore|iPhoneSimulator.Deploy.0 = Release|Any CPU
		{4F0B8CEE-311A-47A3-88C8-9A8BC7ADC7A2}.AppStore|x64.ActiveCfg = Release|Any CPU
		{4F0B8CEE-311A-47A3-88C8-9A8BC7ADC7A2}.AppStore|x64.Build.0 = Release|Any CPU
		{4F0B8CEE-311A-47A3-88C8-9A8BC7ADC7A2}.AppStore|x64.Deploy.0 = Release|Any CPU
		{4F0B8CEE-311A-47A3-88C8-9A8BC7ADC7A2}.AppStore|x86.ActiveCfg = Release|Any CPU
		{4F0B8CEE-311A-47A3-88C8-9A8BC7ADC7A2}.AppStore|x86.Build.0 = Release|Any CPU
		{4F0B8CEE-311A-47A3-88C8-9A8BC7ADC7A2}.AppStore|x86.Deploy.0 = Release|Any CPU
		{4F0B8CEE-311A-47A3-88C8-9A8BC7ADC7A2}.Debug|Any CPU.ActiveCfg = Debug|Any CPU
		{4F0B8CEE-311A-47A3-88C8-9A8BC7ADC7A2}.Debug|Any CPU.Build.0 = Debug|Any CPU
		{4F0B8CEE-311A-47A3-88C8-9A8BC7ADC7A2}.Debug|Any CPU.Deploy.0 = Debug|Any CPU
		{4F0B8CEE-311A-47A3-88C8-9A8BC7ADC7A2}.Debug|ARM.ActiveCfg = Debug|Any CPU
		{4F0B8CEE-311A-47A3-88C8-9A8BC7ADC7A2}.Debug|ARM.Build.0 = Debug|Any CPU
		{4F0B8CEE-311A-47A3-88C8-9A8BC7ADC7A2}.Debug|ARM.Deploy.0 = Debug|Any CPU
		{4F0B8CEE-311A-47A3-88C8-9A8BC7ADC7A2}.Debug|iPhone.ActiveCfg = Debug|Any CPU
		{4F0B8CEE-311A-47A3-88C8-9A8BC7ADC7A2}.Debug|iPhone.Build.0 = Debug|Any CPU
		{4F0B8CEE-311A-47A3-88C8-9A8BC7ADC7A2}.Debug|iPhone.Deploy.0 = Debug|Any CPU
		{4F0B8CEE-311A-47A3-88C8-9A8BC7ADC7A2}.Debug|iPhoneSimulator.ActiveCfg = Debug|Any CPU
		{4F0B8CEE-311A-47A3-88C8-9A8BC7ADC7A2}.Debug|iPhoneSimulator.Build.0 = Debug|Any CPU
		{4F0B8CEE-311A-47A3-88C8-9A8BC7ADC7A2}.Debug|iPhoneSimulator.Deploy.0 = Debug|Any CPU
		{4F0B8CEE-311A-47A3-88C8-9A8BC7ADC7A2}.Debug|x64.ActiveCfg = Debug|Any CPU
		{4F0B8CEE-311A-47A3-88C8-9A8BC7ADC7A2}.Debug|x64.Build.0 = Debug|Any CPU
		{4F0B8CEE-311A-47A3-88C8-9A8BC7ADC7A2}.Debug|x64.Deploy.0 = Debug|Any CPU
		{4F0B8CEE-311A-47A3-88C8-9A8BC7ADC7A2}.Debug|x86.ActiveCfg = Debug|Any CPU
		{4F0B8CEE-311A-47A3-88C8-9A8BC7ADC7A2}.Debug|x86.Build.0 = Debug|Any CPU
		{4F0B8CEE-311A-47A3-88C8-9A8BC7ADC7A2}.Debug|x86.Deploy.0 = Debug|Any CPU
		{4F0B8CEE-311A-47A3-88C8-9A8BC7ADC7A2}.Release|Any CPU.ActiveCfg = Release|Any CPU
		{4F0B8CEE-311A-47A3-88C8-9A8BC7ADC7A2}.Release|Any CPU.Build.0 = Release|Any CPU
		{4F0B8CEE-311A-47A3-88C8-9A8BC7ADC7A2}.Release|Any CPU.Deploy.0 = Release|Any CPU
		{4F0B8CEE-311A-47A3-88C8-9A8BC7ADC7A2}.Release|ARM.ActiveCfg = Release|Any CPU
		{4F0B8CEE-311A-47A3-88C8-9A8BC7ADC7A2}.Release|ARM.Build.0 = Release|Any CPU
		{4F0B8CEE-311A-47A3-88C8-9A8BC7ADC7A2}.Release|ARM.Deploy.0 = Release|Any CPU
		{4F0B8CEE-311A-47A3-88C8-9A8BC7ADC7A2}.Release|iPhone.ActiveCfg = Release|Any CPU
		{4F0B8CEE-311A-47A3-88C8-9A8BC7ADC7A2}.Release|iPhone.Build.0 = Release|Any CPU
		{4F0B8CEE-311A-47A3-88C8-9A8BC7ADC7A2}.Release|iPhone.Deploy.0 = Release|Any CPU
		{4F0B8CEE-311A-47A3-88C8-9A8BC7ADC7A2}.Release|iPhoneSimulator.ActiveCfg = Release|Any CPU
		{4F0B8CEE-311A-47A3-88C8-9A8BC7ADC7A2}.Release|iPhoneSimulator.Build.0 = Release|Any CPU
		{4F0B8CEE-311A-47A3-88C8-9A8BC7ADC7A2}.Release|iPhoneSimulator.Deploy.0 = Release|Any CPU
		{4F0B8CEE-311A-47A3-88C8-9A8BC7ADC7A2}.Release|x64.ActiveCfg = Release|Any CPU
		{4F0B8CEE-311A-47A3-88C8-9A8BC7ADC7A2}.Release|x64.Build.0 = Release|Any CPU
		{4F0B8CEE-311A-47A3-88C8-9A8BC7ADC7A2}.Release|x64.Deploy.0 = Release|Any CPU
		{4F0B8CEE-311A-47A3-88C8-9A8BC7ADC7A2}.Release|x86.ActiveCfg = Release|Any CPU
		{4F0B8CEE-311A-47A3-88C8-9A8BC7ADC7A2}.Release|x86.Build.0 = Release|Any CPU
		{4F0B8CEE-311A-47A3-88C8-9A8BC7ADC7A2}.Release|x86.Deploy.0 = Release|Any CPU
		{584DC1C6-EF39-4380-AD5A-92AABCF83C91}.Ad-Hoc|Any CPU.ActiveCfg = Ad-Hoc|iPhone
		{584DC1C6-EF39-4380-AD5A-92AABCF83C91}.Ad-Hoc|Any CPU.Build.0 = Ad-Hoc|iPhone
		{584DC1C6-EF39-4380-AD5A-92AABCF83C91}.Ad-Hoc|Any CPU.Deploy.0 = Ad-Hoc|iPhone
		{584DC1C6-EF39-4380-AD5A-92AABCF83C91}.Ad-Hoc|ARM.ActiveCfg = Ad-Hoc|iPhone
		{584DC1C6-EF39-4380-AD5A-92AABCF83C91}.Ad-Hoc|ARM.Build.0 = Ad-Hoc|iPhone
		{584DC1C6-EF39-4380-AD5A-92AABCF83C91}.Ad-Hoc|ARM.Deploy.0 = Ad-Hoc|iPhone
		{584DC1C6-EF39-4380-AD5A-92AABCF83C91}.Ad-Hoc|iPhone.ActiveCfg = Ad-Hoc|iPhone
		{584DC1C6-EF39-4380-AD5A-92AABCF83C91}.Ad-Hoc|iPhone.Build.0 = Ad-Hoc|iPhone
		{584DC1C6-EF39-4380-AD5A-92AABCF83C91}.Ad-Hoc|iPhone.Deploy.0 = Ad-Hoc|iPhone
		{584DC1C6-EF39-4380-AD5A-92AABCF83C91}.Ad-Hoc|iPhoneSimulator.ActiveCfg = Ad-Hoc|iPhoneSimulator
		{584DC1C6-EF39-4380-AD5A-92AABCF83C91}.Ad-Hoc|iPhoneSimulator.Build.0 = Ad-Hoc|iPhoneSimulator
		{584DC1C6-EF39-4380-AD5A-92AABCF83C91}.Ad-Hoc|iPhoneSimulator.Deploy.0 = Ad-Hoc|iPhoneSimulator
		{584DC1C6-EF39-4380-AD5A-92AABCF83C91}.Ad-Hoc|x64.ActiveCfg = Ad-Hoc|iPhone
		{584DC1C6-EF39-4380-AD5A-92AABCF83C91}.Ad-Hoc|x64.Build.0 = Ad-Hoc|iPhone
		{584DC1C6-EF39-4380-AD5A-92AABCF83C91}.Ad-Hoc|x64.Deploy.0 = Ad-Hoc|iPhone
		{584DC1C6-EF39-4380-AD5A-92AABCF83C91}.Ad-Hoc|x86.ActiveCfg = Ad-Hoc|iPhone
		{584DC1C6-EF39-4380-AD5A-92AABCF83C91}.Ad-Hoc|x86.Build.0 = Ad-Hoc|iPhone
		{584DC1C6-EF39-4380-AD5A-92AABCF83C91}.Ad-Hoc|x86.Deploy.0 = Ad-Hoc|iPhone
		{584DC1C6-EF39-4380-AD5A-92AABCF83C91}.AppStore|Any CPU.ActiveCfg = AppStore|iPhone
		{584DC1C6-EF39-4380-AD5A-92AABCF83C91}.AppStore|Any CPU.Build.0 = AppStore|iPhone
		{584DC1C6-EF39-4380-AD5A-92AABCF83C91}.AppStore|Any CPU.Deploy.0 = AppStore|iPhone
		{584DC1C6-EF39-4380-AD5A-92AABCF83C91}.AppStore|ARM.ActiveCfg = AppStore|iPhone
		{584DC1C6-EF39-4380-AD5A-92AABCF83C91}.AppStore|ARM.Build.0 = AppStore|iPhone
		{584DC1C6-EF39-4380-AD5A-92AABCF83C91}.AppStore|ARM.Deploy.0 = AppStore|iPhone
		{584DC1C6-EF39-4380-AD5A-92AABCF83C91}.AppStore|iPhone.ActiveCfg = AppStore|iPhone
		{584DC1C6-EF39-4380-AD5A-92AABCF83C91}.AppStore|iPhone.Build.0 = AppStore|iPhone
		{584DC1C6-EF39-4380-AD5A-92AABCF83C91}.AppStore|iPhone.Deploy.0 = AppStore|iPhone
		{584DC1C6-EF39-4380-AD5A-92AABCF83C91}.AppStore|iPhoneSimulator.ActiveCfg = AppStore|iPhoneSimulator
		{584DC1C6-EF39-4380-AD5A-92AABCF83C91}.AppStore|iPhoneSimulator.Build.0 = AppStore|iPhoneSimulator
		{584DC1C6-EF39-4380-AD5A-92AABCF83C91}.AppStore|iPhoneSimulator.Deploy.0 = AppStore|iPhoneSimulator
		{584DC1C6-EF39-4380-AD5A-92AABCF83C91}.AppStore|x64.ActiveCfg = AppStore|iPhone
		{584DC1C6-EF39-4380-AD5A-92AABCF83C91}.AppStore|x64.Build.0 = AppStore|iPhone
		{584DC1C6-EF39-4380-AD5A-92AABCF83C91}.AppStore|x64.Deploy.0 = AppStore|iPhone
		{584DC1C6-EF39-4380-AD5A-92AABCF83C91}.AppStore|x86.ActiveCfg = AppStore|iPhone
		{584DC1C6-EF39-4380-AD5A-92AABCF83C91}.AppStore|x86.Build.0 = AppStore|iPhone
		{584DC1C6-EF39-4380-AD5A-92AABCF83C91}.AppStore|x86.Deploy.0 = AppStore|iPhone
		{584DC1C6-EF39-4380-AD5A-92AABCF83C91}.Debug|Any CPU.ActiveCfg = Debug|iPhoneSimulator
		{584DC1C6-EF39-4380-AD5A-92AABCF83C91}.Debug|Any CPU.Build.0 = Debug|iPhoneSimulator
		{584DC1C6-EF39-4380-AD5A-92AABCF83C91}.Debug|Any CPU.Deploy.0 = Debug|iPhoneSimulator
		{584DC1C6-EF39-4380-AD5A-92AABCF83C91}.Debug|ARM.ActiveCfg = Debug|iPhone
		{584DC1C6-EF39-4380-AD5A-92AABCF83C91}.Debug|ARM.Build.0 = Debug|iPhone
		{584DC1C6-EF39-4380-AD5A-92AABCF83C91}.Debug|ARM.Deploy.0 = Debug|iPhone
		{584DC1C6-EF39-4380-AD5A-92AABCF83C91}.Debug|iPhone.ActiveCfg = Debug|iPhone
		{584DC1C6-EF39-4380-AD5A-92AABCF83C91}.Debug|iPhone.Build.0 = Debug|iPhone
		{584DC1C6-EF39-4380-AD5A-92AABCF83C91}.Debug|iPhone.Deploy.0 = Debug|iPhone
		{584DC1C6-EF39-4380-AD5A-92AABCF83C91}.Debug|iPhoneSimulator.ActiveCfg = Debug|iPhoneSimulator
		{584DC1C6-EF39-4380-AD5A-92AABCF83C91}.Debug|iPhoneSimulator.Build.0 = Debug|iPhoneSimulator
		{584DC1C6-EF39-4380-AD5A-92AABCF83C91}.Debug|iPhoneSimulator.Deploy.0 = Debug|iPhoneSimulator
		{584DC1C6-EF39-4380-AD5A-92AABCF83C91}.Debug|x64.ActiveCfg = Debug|iPhone
		{584DC1C6-EF39-4380-AD5A-92AABCF83C91}.Debug|x64.Build.0 = Debug|iPhone
		{584DC1C6-EF39-4380-AD5A-92AABCF83C91}.Debug|x64.Deploy.0 = Debug|iPhone
		{584DC1C6-EF39-4380-AD5A-92AABCF83C91}.Debug|x86.ActiveCfg = Debug|iPhone
		{584DC1C6-EF39-4380-AD5A-92AABCF83C91}.Debug|x86.Build.0 = Debug|iPhone
		{584DC1C6-EF39-4380-AD5A-92AABCF83C91}.Debug|x86.Deploy.0 = Debug|iPhone
		{584DC1C6-EF39-4380-AD5A-92AABCF83C91}.Release|Any CPU.ActiveCfg = Release|iPhone
		{584DC1C6-EF39-4380-AD5A-92AABCF83C91}.Release|Any CPU.Build.0 = Release|iPhone
		{584DC1C6-EF39-4380-AD5A-92AABCF83C91}.Release|Any CPU.Deploy.0 = Release|iPhone
		{584DC1C6-EF39-4380-AD5A-92AABCF83C91}.Release|ARM.ActiveCfg = Release|iPhone
		{584DC1C6-EF39-4380-AD5A-92AABCF83C91}.Release|ARM.Build.0 = Release|iPhone
		{584DC1C6-EF39-4380-AD5A-92AABCF83C91}.Release|ARM.Deploy.0 = Release|iPhone
		{584DC1C6-EF39-4380-AD5A-92AABCF83C91}.Release|iPhone.ActiveCfg = Release|iPhone
		{584DC1C6-EF39-4380-AD5A-92AABCF83C91}.Release|iPhone.Build.0 = Release|iPhone
		{584DC1C6-EF39-4380-AD5A-92AABCF83C91}.Release|iPhone.Deploy.0 = Release|iPhone
		{584DC1C6-EF39-4380-AD5A-92AABCF83C91}.Release|iPhoneSimulator.ActiveCfg = Release|iPhoneSimulator
		{584DC1C6-EF39-4380-AD5A-92AABCF83C91}.Release|iPhoneSimulator.Build.0 = Release|iPhoneSimulator
		{584DC1C6-EF39-4380-AD5A-92AABCF83C91}.Release|iPhoneSimulator.Deploy.0 = Release|iPhoneSimulator
		{584DC1C6-EF39-4380-AD5A-92AABCF83C91}.Release|x64.ActiveCfg = Release|iPhone
		{584DC1C6-EF39-4380-AD5A-92AABCF83C91}.Release|x64.Build.0 = Release|iPhone
		{584DC1C6-EF39-4380-AD5A-92AABCF83C91}.Release|x64.Deploy.0 = Release|iPhone
		{584DC1C6-EF39-4380-AD5A-92AABCF83C91}.Release|x86.ActiveCfg = Release|iPhone
		{584DC1C6-EF39-4380-AD5A-92AABCF83C91}.Release|x86.Build.0 = Release|iPhone
		{584DC1C6-EF39-4380-AD5A-92AABCF83C91}.Release|x86.Deploy.0 = Release|iPhone
		{3AD92754-D43F-442E-B24B-6C6F4FEFB597}.Ad-Hoc|Any CPU.ActiveCfg = Release|x86
		{3AD92754-D43F-442E-B24B-6C6F4FEFB597}.Ad-Hoc|Any CPU.Build.0 = Release|x86
		{3AD92754-D43F-442E-B24B-6C6F4FEFB597}.Ad-Hoc|Any CPU.Deploy.0 = Release|x86
		{3AD92754-D43F-442E-B24B-6C6F4FEFB597}.Ad-Hoc|ARM.ActiveCfg = Release|ARM
		{3AD92754-D43F-442E-B24B-6C6F4FEFB597}.Ad-Hoc|ARM.Build.0 = Release|ARM
		{3AD92754-D43F-442E-B24B-6C6F4FEFB597}.Ad-Hoc|ARM.Deploy.0 = Release|ARM
		{3AD92754-D43F-442E-B24B-6C6F4FEFB597}.Ad-Hoc|iPhone.ActiveCfg = Release|x86
		{3AD92754-D43F-442E-B24B-6C6F4FEFB597}.Ad-Hoc|iPhone.Build.0 = Release|x86
		{3AD92754-D43F-442E-B24B-6C6F4FEFB597}.Ad-Hoc|iPhone.Deploy.0 = Release|x86
		{3AD92754-D43F-442E-B24B-6C6F4FEFB597}.Ad-Hoc|iPhoneSimulator.ActiveCfg = Release|x86
		{3AD92754-D43F-442E-B24B-6C6F4FEFB597}.Ad-Hoc|iPhoneSimulator.Build.0 = Release|x86
		{3AD92754-D43F-442E-B24B-6C6F4FEFB597}.Ad-Hoc|iPhoneSimulator.Deploy.0 = Release|x86
		{3AD92754-D43F-442E-B24B-6C6F4FEFB597}.Ad-Hoc|x64.ActiveCfg = Release|x64
		{3AD92754-D43F-442E-B24B-6C6F4FEFB597}.Ad-Hoc|x64.Build.0 = Release|x64
		{3AD92754-D43F-442E-B24B-6C6F4FEFB597}.Ad-Hoc|x64.Deploy.0 = Release|x64
		{3AD92754-D43F-442E-B24B-6C6F4FEFB597}.Ad-Hoc|x86.ActiveCfg = Release|x86
		{3AD92754-D43F-442E-B24B-6C6F4FEFB597}.Ad-Hoc|x86.Build.0 = Release|x86
		{3AD92754-D43F-442E-B24B-6C6F4FEFB597}.Ad-Hoc|x86.Deploy.0 = Release|x86
		{3AD92754-D43F-442E-B24B-6C6F4FEFB597}.AppStore|Any CPU.ActiveCfg = Release|x86
		{3AD92754-D43F-442E-B24B-6C6F4FEFB597}.AppStore|Any CPU.Build.0 = Release|x86
		{3AD92754-D43F-442E-B24B-6C6F4FEFB597}.AppStore|Any CPU.Deploy.0 = Release|x86
		{3AD92754-D43F-442E-B24B-6C6F4FEFB597}.AppStore|ARM.ActiveCfg = Release|ARM
		{3AD92754-D43F-442E-B24B-6C6F4FEFB597}.AppStore|ARM.Build.0 = Release|ARM
		{3AD92754-D43F-442E-B24B-6C6F4FEFB597}.AppStore|ARM.Deploy.0 = Release|ARM
		{3AD92754-D43F-442E-B24B-6C6F4FEFB597}.AppStore|iPhone.ActiveCfg = Release|x86
		{3AD92754-D43F-442E-B24B-6C6F4FEFB597}.AppStore|iPhone.Build.0 = Release|x86
		{3AD92754-D43F-442E-B24B-6C6F4FEFB597}.AppStore|iPhone.Deploy.0 = Release|x86
		{3AD92754-D43F-442E-B24B-6C6F4FEFB597}.AppStore|iPhoneSimulator.ActiveCfg = Release|x86
		{3AD92754-D43F-442E-B24B-6C6F4FEFB597}.AppStore|iPhoneSimulator.Build.0 = Release|x86
		{3AD92754-D43F-442E-B24B-6C6F4FEFB597}.AppStore|iPhoneSimulator.Deploy.0 = Release|x86
		{3AD92754-D43F-442E-B24B-6C6F4FEFB597}.AppStore|x64.ActiveCfg = Release|x64
		{3AD92754-D43F-442E-B24B-6C6F4FEFB597}.AppStore|x64.Build.0 = Release|x64
		{3AD92754-D43F-442E-B24B-6C6F4FEFB597}.AppStore|x64.Deploy.0 = Release|x64
		{3AD92754-D43F-442E-B24B-6C6F4FEFB597}.AppStore|x86.ActiveCfg = Release|x86
		{3AD92754-D43F-442E-B24B-6C6F4FEFB597}.AppStore|x86.Build.0 = Release|x86
		{3AD92754-D43F-442E-B24B-6C6F4FEFB597}.AppStore|x86.Deploy.0 = Release|x86
		{3AD92754-D43F-442E-B24B-6C6F4FEFB597}.Debug|Any CPU.ActiveCfg = Debug|x86
		{3AD92754-D43F-442E-B24B-6C6F4FEFB597}.Debug|Any CPU.Build.0 = Debug|x86
		{3AD92754-D43F-442E-B24B-6C6F4FEFB597}.Debug|Any CPU.Deploy.0 = Debug|x86
		{3AD92754-D43F-442E-B24B-6C6F4FEFB597}.Debug|ARM.ActiveCfg = Debug|ARM
		{3AD92754-D43F-442E-B24B-6C6F4FEFB597}.Debug|ARM.Build.0 = Debug|ARM
		{3AD92754-D43F-442E-B24B-6C6F4FEFB597}.Debug|ARM.Deploy.0 = Debug|ARM
		{3AD92754-D43F-442E-B24B-6C6F4FEFB597}.Debug|iPhone.ActiveCfg = Debug|x86
		{3AD92754-D43F-442E-B24B-6C6F4FEFB597}.Debug|iPhone.Build.0 = Debug|x86
		{3AD92754-D43F-442E-B24B-6C6F4FEFB597}.Debug|iPhone.Deploy.0 = Debug|x86
		{3AD92754-D43F-442E-B24B-6C6F4FEFB597}.Debug|iPhoneSimulator.ActiveCfg = Debug|x86
		{3AD92754-D43F-442E-B24B-6C6F4FEFB597}.Debug|iPhoneSimulator.Build.0 = Debug|x86
		{3AD92754-D43F-442E-B24B-6C6F4FEFB597}.Debug|iPhoneSimulator.Deploy.0 = Debug|x86
		{3AD92754-D43F-442E-B24B-6C6F4FEFB597}.Debug|x64.ActiveCfg = Debug|x64
		{3AD92754-D43F-442E-B24B-6C6F4FEFB597}.Debug|x64.Build.0 = Debug|x64
		{3AD92754-D43F-442E-B24B-6C6F4FEFB597}.Debug|x64.Deploy.0 = Debug|x64
		{3AD92754-D43F-442E-B24B-6C6F4FEFB597}.Debug|x86.ActiveCfg = Debug|x86
		{3AD92754-D43F-442E-B24B-6C6F4FEFB597}.Debug|x86.Build.0 = Debug|x86
		{3AD92754-D43F-442E-B24B-6C6F4FEFB597}.Debug|x86.Deploy.0 = Debug|x86
		{3AD92754-D43F-442E-B24B-6C6F4FEFB597}.Release|Any CPU.ActiveCfg = Release|x86
		{3AD92754-D43F-442E-B24B-6C6F4FEFB597}.Release|Any CPU.Build.0 = Release|x86
		{3AD92754-D43F-442E-B24B-6C6F4FEFB597}.Release|Any CPU.Deploy.0 = Release|x86
		{3AD92754-D43F-442E-B24B-6C6F4FEFB597}.Release|ARM.ActiveCfg = Release|ARM
		{3AD92754-D43F-442E-B24B-6C6F4FEFB597}.Release|ARM.Build.0 = Release|ARM
		{3AD92754-D43F-442E-B24B-6C6F4FEFB597}.Release|ARM.Deploy.0 = Release|ARM
		{3AD92754-D43F-442E-B24B-6C6F4FEFB597}.Release|iPhone.ActiveCfg = Release|x86
		{3AD92754-D43F-442E-B24B-6C6F4FEFB597}.Release|iPhone.Build.0 = Release|x86
		{3AD92754-D43F-442E-B24B-6C6F4FEFB597}.Release|iPhone.Deploy.0 = Release|x86
		{3AD92754-D43F-442E-B24B-6C6F4FEFB597}.Release|iPhoneSimulator.ActiveCfg = Release|x86
		{3AD92754-D43F-442E-B24B-6C6F4FEFB597}.Release|iPhoneSimulator.Build.0 = Release|x86
		{3AD92754-D43F-442E-B24B-6C6F4FEFB597}.Release|iPhoneSimulator.Deploy.0 = Release|x86
		{3AD92754-D43F-442E-B24B-6C6F4FEFB597}.Release|x64.ActiveCfg = Release|x64
		{3AD92754-D43F-442E-B24B-6C6F4FEFB597}.Release|x64.Build.0 = Release|x64
		{3AD92754-D43F-442E-B24B-6C6F4FEFB597}.Release|x64.Deploy.0 = Release|x64
		{3AD92754-D43F-442E-B24B-6C6F4FEFB597}.Release|x86.ActiveCfg = Release|x86
		{3AD92754-D43F-442E-B24B-6C6F4FEFB597}.Release|x86.Build.0 = Release|x86
		{3AD92754-D43F-442E-B24B-6C6F4FEFB597}.Release|x86.Deploy.0 = Release|x86
		{29292392-C3EA-4DFF-96DF-0BCEF30100C9}.Ad-Hoc|Any CPU.ActiveCfg = Release|Any CPU
		{29292392-C3EA-4DFF-96DF-0BCEF30100C9}.Ad-Hoc|Any CPU.Build.0 = Release|Any CPU
		{29292392-C3EA-4DFF-96DF-0BCEF30100C9}.Ad-Hoc|ARM.ActiveCfg = Release|Any CPU
		{29292392-C3EA-4DFF-96DF-0BCEF30100C9}.Ad-Hoc|ARM.Build.0 = Release|Any CPU
		{29292392-C3EA-4DFF-96DF-0BCEF30100C9}.Ad-Hoc|iPhone.ActiveCfg = Release|Any CPU
		{29292392-C3EA-4DFF-96DF-0BCEF30100C9}.Ad-Hoc|iPhone.Build.0 = Release|Any CPU
		{29292392-C3EA-4DFF-96DF-0BCEF30100C9}.Ad-Hoc|iPhoneSimulator.ActiveCfg = Release|Any CPU
		{29292392-C3EA-4DFF-96DF-0BCEF30100C9}.Ad-Hoc|iPhoneSimulator.Build.0 = Release|Any CPU
		{29292392-C3EA-4DFF-96DF-0BCEF30100C9}.Ad-Hoc|x64.ActiveCfg = Release|Any CPU
		{29292392-C3EA-4DFF-96DF-0BCEF30100C9}.Ad-Hoc|x64.Build.0 = Release|Any CPU
		{29292392-C3EA-4DFF-96DF-0BCEF30100C9}.Ad-Hoc|x86.ActiveCfg = Release|Any CPU
		{29292392-C3EA-4DFF-96DF-0BCEF30100C9}.Ad-Hoc|x86.Build.0 = Release|Any CPU
		{29292392-C3EA-4DFF-96DF-0BCEF30100C9}.AppStore|Any CPU.ActiveCfg = Release|Any CPU
		{29292392-C3EA-4DFF-96DF-0BCEF30100C9}.AppStore|Any CPU.Build.0 = Release|Any CPU
		{29292392-C3EA-4DFF-96DF-0BCEF30100C9}.AppStore|ARM.ActiveCfg = Release|Any CPU
		{29292392-C3EA-4DFF-96DF-0BCEF30100C9}.AppStore|ARM.Build.0 = Release|Any CPU
		{29292392-C3EA-4DFF-96DF-0BCEF30100C9}.AppStore|iPhone.ActiveCfg = Release|Any CPU
		{29292392-C3EA-4DFF-96DF-0BCEF30100C9}.AppStore|iPhone.Build.0 = Release|Any CPU
		{29292392-C3EA-4DFF-96DF-0BCEF30100C9}.AppStore|iPhoneSimulator.ActiveCfg = Release|Any CPU
		{29292392-C3EA-4DFF-96DF-0BCEF30100C9}.AppStore|iPhoneSimulator.Build.0 = Release|Any CPU
		{29292392-C3EA-4DFF-96DF-0BCEF30100C9}.AppStore|x64.ActiveCfg = Release|Any CPU
		{29292392-C3EA-4DFF-96DF-0BCEF30100C9}.AppStore|x64.Build.0 = Release|Any CPU
		{29292392-C3EA-4DFF-96DF-0BCEF30100C9}.AppStore|x86.ActiveCfg = Release|Any CPU
		{29292392-C3EA-4DFF-96DF-0BCEF30100C9}.AppStore|x86.Build.0 = Release|Any CPU
		{29292392-C3EA-4DFF-96DF-0BCEF30100C9}.Debug|Any CPU.ActiveCfg = Debug|Any CPU
		{29292392-C3EA-4DFF-96DF-0BCEF30100C9}.Debug|Any CPU.Build.0 = Debug|Any CPU
		{29292392-C3EA-4DFF-96DF-0BCEF30100C9}.Debug|ARM.ActiveCfg = Debug|Any CPU
		{29292392-C3EA-4DFF-96DF-0BCEF30100C9}.Debug|ARM.Build.0 = Debug|Any CPU
		{29292392-C3EA-4DFF-96DF-0BCEF30100C9}.Debug|iPhone.ActiveCfg = Debug|Any CPU
		{29292392-C3EA-4DFF-96DF-0BCEF30100C9}.Debug|iPhone.Build.0 = Debug|Any CPU
		{29292392-C3EA-4DFF-96DF-0BCEF30100C9}.Debug|iPhoneSimulator.ActiveCfg = Debug|Any CPU
		{29292392-C3EA-4DFF-96DF-0BCEF30100C9}.Debug|iPhoneSimulator.Build.0 = Debug|Any CPU
		{29292392-C3EA-4DFF-96DF-0BCEF30100C9}.Debug|x64.ActiveCfg = Debug|Any CPU
		{29292392-C3EA-4DFF-96DF-0BCEF30100C9}.Debug|x64.Build.0 = Debug|Any CPU
		{29292392-C3EA-4DFF-96DF-0BCEF30100C9}.Debug|x86.ActiveCfg = Debug|Any CPU
		{29292392-C3EA-4DFF-96DF-0BCEF30100C9}.Debug|x86.Build.0 = Debug|Any CPU
		{29292392-C3EA-4DFF-96DF-0BCEF30100C9}.Release|Any CPU.ActiveCfg = Release|Any CPU
		{29292392-C3EA-4DFF-96DF-0BCEF30100C9}.Release|Any CPU.Build.0 = Release|Any CPU
		{29292392-C3EA-4DFF-96DF-0BCEF30100C9}.Release|ARM.ActiveCfg = Release|Any CPU
		{29292392-C3EA-4DFF-96DF-0BCEF30100C9}.Release|ARM.Build.0 = Release|Any CPU
		{29292392-C3EA-4DFF-96DF-0BCEF30100C9}.Release|iPhone.ActiveCfg = Release|Any CPU
		{29292392-C3EA-4DFF-96DF-0BCEF30100C9}.Release|iPhone.Build.0 = Release|Any CPU
		{29292392-C3EA-4DFF-96DF-0BCEF30100C9}.Release|iPhoneSimulator.ActiveCfg = Release|Any CPU
		{29292392-C3EA-4DFF-96DF-0BCEF30100C9}.Release|iPhoneSimulator.Build.0 = Release|Any CPU
		{29292392-C3EA-4DFF-96DF-0BCEF30100C9}.Release|x64.ActiveCfg = Release|Any CPU
		{29292392-C3EA-4DFF-96DF-0BCEF30100C9}.Release|x64.Build.0 = Release|Any CPU
		{29292392-C3EA-4DFF-96DF-0BCEF30100C9}.Release|x86.ActiveCfg = Release|Any CPU
		{29292392-C3EA-4DFF-96DF-0BCEF30100C9}.Release|x86.Build.0 = Release|Any CPU
		{0E745D96-6E3B-4121-87BC-873E1620DA6E}.Ad-Hoc|Any CPU.ActiveCfg = Release|Any CPU
		{0E745D96-6E3B-4121-87BC-873E1620DA6E}.Ad-Hoc|Any CPU.Build.0 = Release|Any CPU
		{0E745D96-6E3B-4121-87BC-873E1620DA6E}.Ad-Hoc|ARM.ActiveCfg = Release|Any CPU
		{0E745D96-6E3B-4121-87BC-873E1620DA6E}.Ad-Hoc|ARM.Build.0 = Release|Any CPU
		{0E745D96-6E3B-4121-87BC-873E1620DA6E}.Ad-Hoc|iPhone.ActiveCfg = Release|Any CPU
		{0E745D96-6E3B-4121-87BC-873E1620DA6E}.Ad-Hoc|iPhone.Build.0 = Release|Any CPU
		{0E745D96-6E3B-4121-87BC-873E1620DA6E}.Ad-Hoc|iPhoneSimulator.ActiveCfg = Release|Any CPU
		{0E745D96-6E3B-4121-87BC-873E1620DA6E}.Ad-Hoc|iPhoneSimulator.Build.0 = Release|Any CPU
		{0E745D96-6E3B-4121-87BC-873E1620DA6E}.Ad-Hoc|x64.ActiveCfg = Release|Any CPU
		{0E745D96-6E3B-4121-87BC-873E1620DA6E}.Ad-Hoc|x64.Build.0 = Release|Any CPU
		{0E745D96-6E3B-4121-87BC-873E1620DA6E}.Ad-Hoc|x86.ActiveCfg = Release|Any CPU
		{0E745D96-6E3B-4121-87BC-873E1620DA6E}.Ad-Hoc|x86.Build.0 = Release|Any CPU
		{0E745D96-6E3B-4121-87BC-873E1620DA6E}.AppStore|Any CPU.ActiveCfg = Release|Any CPU
		{0E745D96-6E3B-4121-87BC-873E1620DA6E}.AppStore|Any CPU.Build.0 = Release|Any CPU
		{0E745D96-6E3B-4121-87BC-873E1620DA6E}.AppStore|ARM.ActiveCfg = Release|Any CPU
		{0E745D96-6E3B-4121-87BC-873E1620DA6E}.AppStore|ARM.Build.0 = Release|Any CPU
		{0E745D96-6E3B-4121-87BC-873E1620DA6E}.AppStore|iPhone.ActiveCfg = Release|Any CPU
		{0E745D96-6E3B-4121-87BC-873E1620DA6E}.AppStore|iPhone.Build.0 = Release|Any CPU
		{0E745D96-6E3B-4121-87BC-873E1620DA6E}.AppStore|iPhoneSimulator.ActiveCfg = Release|Any CPU
		{0E745D96-6E3B-4121-87BC-873E1620DA6E}.AppStore|iPhoneSimulator.Build.0 = Release|Any CPU
		{0E745D96-6E3B-4121-87BC-873E1620DA6E}.AppStore|x64.ActiveCfg = Release|Any CPU
		{0E745D96-6E3B-4121-87BC-873E1620DA6E}.AppStore|x64.Build.0 = Release|Any CPU
		{0E745D96-6E3B-4121-87BC-873E1620DA6E}.AppStore|x86.ActiveCfg = Release|Any CPU
		{0E745D96-6E3B-4121-87BC-873E1620DA6E}.AppStore|x86.Build.0 = Release|Any CPU
		{0E745D96-6E3B-4121-87BC-873E1620DA6E}.Debug|Any CPU.ActiveCfg = Debug|Any CPU
		{0E745D96-6E3B-4121-87BC-873E1620DA6E}.Debug|Any CPU.Build.0 = Debug|Any CPU
		{0E745D96-6E3B-4121-87BC-873E1620DA6E}.Debug|ARM.ActiveCfg = Debug|Any CPU
		{0E745D96-6E3B-4121-87BC-873E1620DA6E}.Debug|ARM.Build.0 = Debug|Any CPU
		{0E745D96-6E3B-4121-87BC-873E1620DA6E}.Debug|iPhone.ActiveCfg = Debug|Any CPU
		{0E745D96-6E3B-4121-87BC-873E1620DA6E}.Debug|iPhone.Build.0 = Debug|Any CPU
		{0E745D96-6E3B-4121-87BC-873E1620DA6E}.Debug|iPhoneSimulator.ActiveCfg = Debug|Any CPU
		{0E745D96-6E3B-4121-87BC-873E1620DA6E}.Debug|iPhoneSimulator.Build.0 = Debug|Any CPU
		{0E745D96-6E3B-4121-87BC-873E1620DA6E}.Debug|x64.ActiveCfg = Debug|Any CPU
		{0E745D96-6E3B-4121-87BC-873E1620DA6E}.Debug|x64.Build.0 = Debug|Any CPU
		{0E745D96-6E3B-4121-87BC-873E1620DA6E}.Debug|x86.ActiveCfg = Debug|Any CPU
		{0E745D96-6E3B-4121-87BC-873E1620DA6E}.Debug|x86.Build.0 = Debug|Any CPU
		{0E745D96-6E3B-4121-87BC-873E1620DA6E}.Release|Any CPU.ActiveCfg = Release|Any CPU
		{0E745D96-6E3B-4121-87BC-873E1620DA6E}.Release|Any CPU.Build.0 = Release|Any CPU
		{0E745D96-6E3B-4121-87BC-873E1620DA6E}.Release|ARM.ActiveCfg = Release|Any CPU
		{0E745D96-6E3B-4121-87BC-873E1620DA6E}.Release|ARM.Build.0 = Release|Any CPU
		{0E745D96-6E3B-4121-87BC-873E1620DA6E}.Release|iPhone.ActiveCfg = Release|Any CPU
		{0E745D96-6E3B-4121-87BC-873E1620DA6E}.Release|iPhone.Build.0 = Release|Any CPU
		{0E745D96-6E3B-4121-87BC-873E1620DA6E}.Release|iPhoneSimulator.ActiveCfg = Release|Any CPU
		{0E745D96-6E3B-4121-87BC-873E1620DA6E}.Release|iPhoneSimulator.Build.0 = Release|Any CPU
		{0E745D96-6E3B-4121-87BC-873E1620DA6E}.Release|x64.ActiveCfg = Release|Any CPU
		{0E745D96-6E3B-4121-87BC-873E1620DA6E}.Release|x64.Build.0 = Release|Any CPU
		{0E745D96-6E3B-4121-87BC-873E1620DA6E}.Release|x86.ActiveCfg = Release|Any CPU
		{0E745D96-6E3B-4121-87BC-873E1620DA6E}.Release|x86.Build.0 = Release|Any CPU
		{F0173626-BC32-43D9-8D28-56D0E9C83DA4}.Ad-Hoc|Any CPU.ActiveCfg = Release|Any CPU
		{F0173626-BC32-43D9-8D28-56D0E9C83DA4}.Ad-Hoc|Any CPU.Build.0 = Release|Any CPU
		{F0173626-BC32-43D9-8D28-56D0E9C83DA4}.Ad-Hoc|ARM.ActiveCfg = Release|Any CPU
		{F0173626-BC32-43D9-8D28-56D0E9C83DA4}.Ad-Hoc|ARM.Build.0 = Release|Any CPU
		{F0173626-BC32-43D9-8D28-56D0E9C83DA4}.Ad-Hoc|iPhone.ActiveCfg = Release|Any CPU
		{F0173626-BC32-43D9-8D28-56D0E9C83DA4}.Ad-Hoc|iPhone.Build.0 = Release|Any CPU
		{F0173626-BC32-43D9-8D28-56D0E9C83DA4}.Ad-Hoc|iPhoneSimulator.ActiveCfg = Release|Any CPU
		{F0173626-BC32-43D9-8D28-56D0E9C83DA4}.Ad-Hoc|iPhoneSimulator.Build.0 = Release|Any CPU
		{F0173626-BC32-43D9-8D28-56D0E9C83DA4}.Ad-Hoc|x64.ActiveCfg = Release|Any CPU
		{F0173626-BC32-43D9-8D28-56D0E9C83DA4}.Ad-Hoc|x64.Build.0 = Release|Any CPU
		{F0173626-BC32-43D9-8D28-56D0E9C83DA4}.Ad-Hoc|x86.ActiveCfg = Release|Any CPU
		{F0173626-BC32-43D9-8D28-56D0E9C83DA4}.Ad-Hoc|x86.Build.0 = Release|Any CPU
		{F0173626-BC32-43D9-8D28-56D0E9C83DA4}.AppStore|Any CPU.ActiveCfg = Release|Any CPU
		{F0173626-BC32-43D9-8D28-56D0E9C83DA4}.AppStore|Any CPU.Build.0 = Release|Any CPU
		{F0173626-BC32-43D9-8D28-56D0E9C83DA4}.AppStore|ARM.ActiveCfg = Release|Any CPU
		{F0173626-BC32-43D9-8D28-56D0E9C83DA4}.AppStore|ARM.Build.0 = Release|Any CPU
		{F0173626-BC32-43D9-8D28-56D0E9C83DA4}.AppStore|iPhone.ActiveCfg = Release|Any CPU
		{F0173626-BC32-43D9-8D28-56D0E9C83DA4}.AppStore|iPhone.Build.0 = Release|Any CPU
		{F0173626-BC32-43D9-8D28-56D0E9C83DA4}.AppStore|iPhoneSimulator.ActiveCfg = Release|Any CPU
		{F0173626-BC32-43D9-8D28-56D0E9C83DA4}.AppStore|iPhoneSimulator.Build.0 = Release|Any CPU
		{F0173626-BC32-43D9-8D28-56D0E9C83DA4}.AppStore|x64.ActiveCfg = Release|Any CPU
		{F0173626-BC32-43D9-8D28-56D0E9C83DA4}.AppStore|x64.Build.0 = Release|Any CPU
		{F0173626-BC32-43D9-8D28-56D0E9C83DA4}.AppStore|x86.ActiveCfg = Release|Any CPU
		{F0173626-BC32-43D9-8D28-56D0E9C83DA4}.AppStore|x86.Build.0 = Release|Any CPU
		{F0173626-BC32-43D9-8D28-56D0E9C83DA4}.Debug|Any CPU.ActiveCfg = Debug|Any CPU
		{F0173626-BC32-43D9-8D28-56D0E9C83DA4}.Debug|Any CPU.Build.0 = Debug|Any CPU
		{F0173626-BC32-43D9-8D28-56D0E9C83DA4}.Debug|ARM.ActiveCfg = Debug|Any CPU
		{F0173626-BC32-43D9-8D28-56D0E9C83DA4}.Debug|ARM.Build.0 = Debug|Any CPU
		{F0173626-BC32-43D9-8D28-56D0E9C83DA4}.Debug|iPhone.ActiveCfg = Debug|Any CPU
		{F0173626-BC32-43D9-8D28-56D0E9C83DA4}.Debug|iPhone.Build.0 = Debug|Any CPU
		{F0173626-BC32-43D9-8D28-56D0E9C83DA4}.Debug|iPhoneSimulator.ActiveCfg = Debug|Any CPU
		{F0173626-BC32-43D9-8D28-56D0E9C83DA4}.Debug|iPhoneSimulator.Build.0 = Debug|Any CPU
		{F0173626-BC32-43D9-8D28-56D0E9C83DA4}.Debug|x64.ActiveCfg = Debug|Any CPU
		{F0173626-BC32-43D9-8D28-56D0E9C83DA4}.Debug|x64.Build.0 = Debug|Any CPU
		{F0173626-BC32-43D9-8D28-56D0E9C83DA4}.Debug|x86.ActiveCfg = Debug|Any CPU
		{F0173626-BC32-43D9-8D28-56D0E9C83DA4}.Debug|x86.Build.0 = Debug|Any CPU
		{F0173626-BC32-43D9-8D28-56D0E9C83DA4}.Release|Any CPU.ActiveCfg = Release|Any CPU
		{F0173626-BC32-43D9-8D28-56D0E9C83DA4}.Release|Any CPU.Build.0 = Release|Any CPU
		{F0173626-BC32-43D9-8D28-56D0E9C83DA4}.Release|ARM.ActiveCfg = Release|Any CPU
		{F0173626-BC32-43D9-8D28-56D0E9C83DA4}.Release|ARM.Build.0 = Release|Any CPU
		{F0173626-BC32-43D9-8D28-56D0E9C83DA4}.Release|iPhone.ActiveCfg = Release|Any CPU
		{F0173626-BC32-43D9-8D28-56D0E9C83DA4}.Release|iPhone.Build.0 = Release|Any CPU
		{F0173626-BC32-43D9-8D28-56D0E9C83DA4}.Release|iPhoneSimulator.ActiveCfg = Release|Any CPU
		{F0173626-BC32-43D9-8D28-56D0E9C83DA4}.Release|iPhoneSimulator.Build.0 = Release|Any CPU
		{F0173626-BC32-43D9-8D28-56D0E9C83DA4}.Release|x64.ActiveCfg = Release|Any CPU
		{F0173626-BC32-43D9-8D28-56D0E9C83DA4}.Release|x64.Build.0 = Release|Any CPU
		{F0173626-BC32-43D9-8D28-56D0E9C83DA4}.Release|x86.ActiveCfg = Release|Any CPU
		{F0173626-BC32-43D9-8D28-56D0E9C83DA4}.Release|x86.Build.0 = Release|Any CPU
		{B9234513-D9BC-403F-A3E3-1A3240CEF749}.Ad-Hoc|Any CPU.ActiveCfg = Release|Any CPU
		{B9234513-D9BC-403F-A3E3-1A3240CEF749}.Ad-Hoc|Any CPU.Build.0 = Release|Any CPU
		{B9234513-D9BC-403F-A3E3-1A3240CEF749}.Ad-Hoc|ARM.ActiveCfg = Release|Any CPU
		{B9234513-D9BC-403F-A3E3-1A3240CEF749}.Ad-Hoc|ARM.Build.0 = Release|Any CPU
		{B9234513-D9BC-403F-A3E3-1A3240CEF749}.Ad-Hoc|iPhone.ActiveCfg = Release|Any CPU
		{B9234513-D9BC-403F-A3E3-1A3240CEF749}.Ad-Hoc|iPhone.Build.0 = Release|Any CPU
		{B9234513-D9BC-403F-A3E3-1A3240CEF749}.Ad-Hoc|iPhoneSimulator.ActiveCfg = Release|Any CPU
		{B9234513-D9BC-403F-A3E3-1A3240CEF749}.Ad-Hoc|iPhoneSimulator.Build.0 = Release|Any CPU
		{B9234513-D9BC-403F-A3E3-1A3240CEF749}.Ad-Hoc|x64.ActiveCfg = Release|Any CPU
		{B9234513-D9BC-403F-A3E3-1A3240CEF749}.Ad-Hoc|x64.Build.0 = Release|Any CPU
		{B9234513-D9BC-403F-A3E3-1A3240CEF749}.Ad-Hoc|x86.ActiveCfg = Release|Any CPU
		{B9234513-D9BC-403F-A3E3-1A3240CEF749}.Ad-Hoc|x86.Build.0 = Release|Any CPU
		{B9234513-D9BC-403F-A3E3-1A3240CEF749}.AppStore|Any CPU.ActiveCfg = Release|Any CPU
		{B9234513-D9BC-403F-A3E3-1A3240CEF749}.AppStore|Any CPU.Build.0 = Release|Any CPU
		{B9234513-D9BC-403F-A3E3-1A3240CEF749}.AppStore|ARM.ActiveCfg = Release|Any CPU
		{B9234513-D9BC-403F-A3E3-1A3240CEF749}.AppStore|ARM.Build.0 = Release|Any CPU
		{B9234513-D9BC-403F-A3E3-1A3240CEF749}.AppStore|iPhone.ActiveCfg = Release|Any CPU
		{B9234513-D9BC-403F-A3E3-1A3240CEF749}.AppStore|iPhone.Build.0 = Release|Any CPU
		{B9234513-D9BC-403F-A3E3-1A3240CEF749}.AppStore|iPhoneSimulator.ActiveCfg = Release|Any CPU
		{B9234513-D9BC-403F-A3E3-1A3240CEF749}.AppStore|iPhoneSimulator.Build.0 = Release|Any CPU
		{B9234513-D9BC-403F-A3E3-1A3240CEF749}.AppStore|x64.ActiveCfg = Release|Any CPU
		{B9234513-D9BC-403F-A3E3-1A3240CEF749}.AppStore|x64.Build.0 = Release|Any CPU
		{B9234513-D9BC-403F-A3E3-1A3240CEF749}.AppStore|x86.ActiveCfg = Release|Any CPU
		{B9234513-D9BC-403F-A3E3-1A3240CEF749}.AppStore|x86.Build.0 = Release|Any CPU
		{B9234513-D9BC-403F-A3E3-1A3240CEF749}.Debug|Any CPU.ActiveCfg = Debug|Any CPU
		{B9234513-D9BC-403F-A3E3-1A3240CEF749}.Debug|Any CPU.Build.0 = Debug|Any CPU
		{B9234513-D9BC-403F-A3E3-1A3240CEF749}.Debug|ARM.ActiveCfg = Debug|Any CPU
		{B9234513-D9BC-403F-A3E3-1A3240CEF749}.Debug|ARM.Build.0 = Debug|Any CPU
		{B9234513-D9BC-403F-A3E3-1A3240CEF749}.Debug|iPhone.ActiveCfg = Debug|Any CPU
		{B9234513-D9BC-403F-A3E3-1A3240CEF749}.Debug|iPhone.Build.0 = Debug|Any CPU
		{B9234513-D9BC-403F-A3E3-1A3240CEF749}.Debug|iPhoneSimulator.ActiveCfg = Debug|Any CPU
		{B9234513-D9BC-403F-A3E3-1A3240CEF749}.Debug|iPhoneSimulator.Build.0 = Debug|Any CPU
		{B9234513-D9BC-403F-A3E3-1A3240CEF749}.Debug|x64.ActiveCfg = Debug|Any CPU
		{B9234513-D9BC-403F-A3E3-1A3240CEF749}.Debug|x64.Build.0 = Debug|Any CPU
		{B9234513-D9BC-403F-A3E3-1A3240CEF749}.Debug|x86.ActiveCfg = Debug|Any CPU
		{B9234513-D9BC-403F-A3E3-1A3240CEF749}.Debug|x86.Build.0 = Debug|Any CPU
		{B9234513-D9BC-403F-A3E3-1A3240CEF749}.Release|Any CPU.ActiveCfg = Release|Any CPU
		{B9234513-D9BC-403F-A3E3-1A3240CEF749}.Release|Any CPU.Build.0 = Release|Any CPU
		{B9234513-D9BC-403F-A3E3-1A3240CEF749}.Release|ARM.ActiveCfg = Release|Any CPU
		{B9234513-D9BC-403F-A3E3-1A3240CEF749}.Release|ARM.Build.0 = Release|Any CPU
		{B9234513-D9BC-403F-A3E3-1A3240CEF749}.Release|iPhone.ActiveCfg = Release|Any CPU
		{B9234513-D9BC-403F-A3E3-1A3240CEF749}.Release|iPhone.Build.0 = Release|Any CPU
		{B9234513-D9BC-403F-A3E3-1A3240CEF749}.Release|iPhoneSimulator.ActiveCfg = Release|Any CPU
		{B9234513-D9BC-403F-A3E3-1A3240CEF749}.Release|iPhoneSimulator.Build.0 = Release|Any CPU
		{B9234513-D9BC-403F-A3E3-1A3240CEF749}.Release|x64.ActiveCfg = Release|Any CPU
		{B9234513-D9BC-403F-A3E3-1A3240CEF749}.Release|x64.Build.0 = Release|Any CPU
		{B9234513-D9BC-403F-A3E3-1A3240CEF749}.Release|x86.ActiveCfg = Release|Any CPU
		{B9234513-D9BC-403F-A3E3-1A3240CEF749}.Release|x86.Build.0 = Release|Any CPU
	EndGlobalSection
	GlobalSection(SolutionProperties) = preSolution
		HideSolutionNode = FALSE
	EndGlobalSection
	GlobalSection(ExtensibilityGlobals) = postSolution
		SolutionGuid = {9182D82C-E29B-4BBF-9969-44A386477E01}
	EndGlobalSection
EndGlobal
